{
  "name": "ats-args",
  "version": "1.0.0",
  "lockfileVersion": 1,
  "requires": true,
  "dependencies": {
    "ats-result": {
      "version": "git+https://github.com/xran-deex/ats-result.git#979026482a13ab249b8edd0cb4c99ab506813336",
      "from": "git+https://github.com/xran-deex/ats-result.git#v0.1.0"
    },
    "hashtable-vt": {
      "version": "git+https://github.com/xran-deex/ats-hashtable-vt.git#ec362ea9a336231334314125e3ce6018aa15a9a5",
      "from": "git+https://github.com/xran-deex/ats-hashtable-vt.git#v0.1.0",
      "requires": {
        "linmap-list-vt": "git+https://github.com/xran-deex/ats-linmap-list-vt.git#v0.1.0"
      }
    },
    "linmap-list-vt": {
      "version": "git+https://github.com/xran-deex/ats-linmap-list-vt.git#907a49b81951616b91108d41b0aaaa8843e2840f",
      "from": "git+https://github.com/xran-deex/ats-linmap-list-vt.git#v0.1.0"
    }
  }
}
