{
  "name": "ats-args",
  "version": "1.0.0",
  "lockfileVersion": 1,
  "requires": true,
  "dependencies": {
    "ats-result": {
      "version": "git+http://git@ubuntu-netfu.lan:3000/randy.valis/ats-result#6733658e78669efc8fc86fe48e516e0be74b9d7c",
      "from": "git+http://git@ubuntu-netfu.lan:3000/randy.valis/ats-result"
    },
    "hashtable-vt": {
      "version": "git+http://ubuntu-netfu:3000/randy.valis/ats-hashtable-vt#b47b5faace79d99f123cac0bd5bb3dc85b5cebda",
      "from": "git+http://ubuntu-netfu:3000/randy.valis/ats-hashtable-vt",
      "requires": {
        "linmap-list-vt": "git+http://ubuntu-netfu:3000/randy.valis/ats-linmap-list-vt"
      }
    },
    "linmap-list-vt": {
      "version": "git+http://ubuntu-netfu:3000/randy.valis/ats-linmap-list-vt#bc4b912681312cd2aef0e6de60e02aba1e3760a4",
      "from": "git+http://ubuntu-netfu:3000/randy.valis/ats-linmap-list-vt"
    }
  }
}
