{
  "name": "tests",
  "version": "1.0.0",
  "lockfileVersion": 1,
  "requires": true,
  "dependencies": {
    "ats-unit-testing": {
      "version": "git+https://github.com/xran-deex/ats-unit-testing.git#11247a69c71561c7abcb133b617b11dff5d2e296",
      "from": "git+https://github.com/xran-deex/ats-unit-testing.git#v0.1.0",
      "dev": true
    }
  }
}
