{
  "name": "tests",
  "version": "1.0.0",
  "lockfileVersion": 1,
  "requires": true,
  "dependencies": {
    "ats-unit-testing": {
      "version": "git+http://ubuntu-netfu.lan:3000/randy.valis/ats-unit-testing#a6cb3bb6f4f331276d2c34081636cb2bee2f842f",
      "from": "git+http://ubuntu-netfu.lan:3000/randy.valis/ats-unit-testing",
      "dev": true
    }
  }
}
